// !$*UTF8*$!
{
	archiveVersion = 1;
	classes = {
	};
	objectVersion = 56;
	objects = {

/* Begin PBXBuildFile section */
		A125991E2A0C1346000B1EDE /* AppDelegate.swift in Sources */ = {isa = PBXBuildFile; fileRef = A125991D2A0C1346000B1EDE /* AppDelegate.swift */; };
		A12599202A0C1346000B1EDE /* SceneDelegate.swift in Sources */ = {isa = PBXBuildFile; fileRef = A125991F2A0C1346000B1EDE /* SceneDelegate.swift */; };
		A12599222A0C1346000B1EDE /* HomeViewController.swift in Sources */ = {isa = PBXBuildFile; fileRef = A12599212A0C1346000B1EDE /* HomeViewController.swift */; };
		A12599252A0C1346000B1EDE /* Main.storyboard in Resources */ = {isa = PBXBuildFile; fileRef = A12599232A0C1346000B1EDE /* Main.storyboard */; };
		A12599272A0C1347000B1EDE /* Assets.xcassets in Resources */ = {isa = PBXBuildFile; fileRef = A12599262A0C1347000B1EDE /* Assets.xcassets */; };
		A125992A2A0C1347000B1EDE /* LaunchScreen.storyboard in Resources */ = {isa = PBXBuildFile; fileRef = A12599282A0C1347000B1EDE /* LaunchScreen.storyboard */; };
		A1A4662C2A150CBF004B35CE /* Extensions+UIView.swift in Sources */ = {isa = PBXBuildFile; fileRef = A1A4662B2A150CBF004B35CE /* Extensions+UIView.swift */; };
		A1A4662F2A1801EC004B35CE /* HomeBottomControlsStackView.swift in Sources */ = {isa = PBXBuildFile; fileRef = A1A4662E2A1801EC004B35CE /* HomeBottomControlsStackView.swift */; };
		A1A466312A18264F004B35CE /* TopNavigationStackView.swift in Sources */ = {isa = PBXBuildFile; fileRef = A1A466302A18264F004B35CE /* TopNavigationStackView.swift */; };
		A1A466332A188D62004B35CE /* CardView.swift in Sources */ = {isa = PBXBuildFile; fileRef = A1A466322A188D62004B35CE /* CardView.swift */; };
/* End PBXBuildFile section */

/* Begin PBXFileReference section */
		A125991A2A0C1346000B1EDE /* Tinder Clone App.app */ = {isa = PBXFileReference; explicitFileType = wrapper.application; includeInIndex = 0; path = "Tinder Clone App.app"; sourceTree = BUILT_PRODUCTS_DIR; };
		A125991D2A0C1346000B1EDE /* AppDelegate.swift */ = {isa = PBXFileReference; lastKnownFileType = sourcecode.swift; path = AppDelegate.swift; sourceTree = "<group>"; };
		A125991F2A0C1346000B1EDE /* SceneDelegate.swift */ = {isa = PBXFileReference; lastKnownFileType = sourcecode.swift; path = SceneDelegate.swift; sourceTree = "<group>"; };
		A12599212A0C1346000B1EDE /* HomeViewController.swift */ = {isa = PBXFileReference; lastKnownFileType = sourcecode.swift; path = HomeViewController.swift; sourceTree = "<group>"; };
		A12599242A0C1346000B1EDE /* Base */ = {isa = PBXFileReference; lastKnownFileType = file.storyboard; name = Base; path = Base.lproj/Main.storyboard; sourceTree = "<group>"; };
		A12599262A0C1347000B1EDE /* Assets.xcassets */ = {isa = PBXFileReference; lastKnownFileType = folder.assetcatalog; path = Assets.xcassets; sourceTree = "<group>"; };
		A12599292A0C1347000B1EDE /* Base */ = {isa = PBXFileReference; lastKnownFileType = file.storyboard; name = Base; path = Base.lproj/LaunchScreen.storyboard; sourceTree = "<group>"; };
		A125992B2A0C1347000B1EDE /* Info.plist */ = {isa = PBXFileReference; lastKnownFileType = text.plist.xml; path = Info.plist; sourceTree = "<group>"; };
		A1A4662B2A150CBF004B35CE /* Extensions+UIView.swift */ = {isa = PBXFileReference; fileEncoding = 4; lastKnownFileType = sourcecode.swift; path = "Extensions+UIView.swift"; sourceTree = "<group>"; };
		A1A4662E2A1801EC004B35CE /* HomeBottomControlsStackView.swift */ = {isa = PBXFileReference; lastKnownFileType = sourcecode.swift; path = HomeBottomControlsStackView.swift; sourceTree = "<group>"; };
		A1A466302A18264F004B35CE /* TopNavigationStackView.swift */ = {isa = PBXFileReference; lastKnownFileType = sourcecode.swift; path = TopNavigationStackView.swift; sourceTree = "<group>"; };
		A1A466322A188D62004B35CE /* CardView.swift */ = {isa = PBXFileReference; lastKnownFileType = sourcecode.swift; path = CardView.swift; sourceTree = "<group>"; };
/* End PBXFileReference section */

/* Begin PBXFrameworksBuildPhase section */
		A12599172A0C1346000B1EDE /* Frameworks */ = {
			isa = PBXFrameworksBuildPhase;
			buildActionMask = 2147483647;
			files = (
			);
			runOnlyForDeploymentPostprocessing = 0;
		};
/* End PBXFrameworksBuildPhase section */

/* Begin PBXGroup section */
		A12599112A0C1345000B1EDE = {
			isa = PBXGroup;
			children = (
				A125991C2A0C1346000B1EDE /* Tinder Clone App */,
				A125991B2A0C1346000B1EDE /* Products */,
			);
			sourceTree = "<group>";
		};
		A125991B2A0C1346000B1EDE /* Products */ = {
			isa = PBXGroup;
			children = (
				A125991A2A0C1346000B1EDE /* Tinder Clone App.app */,
			);
			name = Products;
			sourceTree = "<group>";
		};
		A125991C2A0C1346000B1EDE /* Tinder Clone App */ = {
			isa = PBXGroup;
			children = (
				A1A4662D2A1801BF004B35CE /* Views */,
				A1A4662A2A150C9F004B35CE /* Extensions */,
				A125991D2A0C1346000B1EDE /* AppDelegate.swift */,
				A125991F2A0C1346000B1EDE /* SceneDelegate.swift */,
				A12599212A0C1346000B1EDE /* HomeViewController.swift */,
				A12599232A0C1346000B1EDE /* Main.storyboard */,
				A12599262A0C1347000B1EDE /* Assets.xcassets */,
				A12599282A0C1347000B1EDE /* LaunchScreen.storyboard */,
				A125992B2A0C1347000B1EDE /* Info.plist */,
			);
			path = "Tinder Clone App";
			sourceTree = "<group>";
		};
		A1A4662A2A150C9F004B35CE /* Extensions */ = {
			isa = PBXGroup;
			children = (
				A1A4662B2A150CBF004B35CE /* Extensions+UIView.swift */,
			);
			path = Extensions;
			sourceTree = "<group>";
		};
		A1A4662D2A1801BF004B35CE /* Views */ = {
			isa = PBXGroup;
			children = (
				A1A4662E2A1801EC004B35CE /* HomeBottomControlsStackView.swift */,
				A1A466302A18264F004B35CE /* TopNavigationStackView.swift */,
				A1A466322A188D62004B35CE /* CardView.swift */,
			);
			path = Views;
			sourceTree = "<group>";
		};
/* End PBXGroup section */

/* Begin PBXNativeTarget section */
		A12599192A0C1346000B1EDE /* Tinder Clone App */ = {
			isa = PBXNativeTarget;
			buildConfigurationList = A125992E2A0C1347000B1EDE /* Build configuration list for PBXNativeTarget "Tinder Clone App" */;
			buildPhases = (
				A12599162A0C1346000B1EDE /* Sources */,
				A12599172A0C1346000B1EDE /* Frameworks */,
				A12599182A0C1346000B1EDE /* Resources */,
			);
			buildRules = (
			);
			dependencies = (
			);
			name = "Tinder Clone App";
			productName = "Tinder Clone App";
			productReference = A125991A2A0C1346000B1EDE /* Tinder Clone App.app */;
			productType = "com.apple.product-type.application";
		};
/* End PBXNativeTarget section */

/* Begin PBXProject section */
		A12599122A0C1345000B1EDE /* Project object */ = {
			isa = PBXProject;
			attributes = {
				BuildIndependentTargetsInParallel = 1;
				LastSwiftUpdateCheck = 1420;
				LastUpgradeCheck = 1420;
				TargetAttributes = {
					A12599192A0C1346000B1EDE = {
						CreatedOnToolsVersion = 14.2;
					};
				};
			};
			buildConfigurationList = A12599152A0C1345000B1EDE /* Build configuration list for PBXProject "Tinder Clone App" */;
			compatibilityVersion = "Xcode 14.0";
			developmentRegion = en;
			hasScannedForEncodings = 0;
			knownRegions = (
				en,
				Base,
			);
			mainGroup = A12599112A0C1345000B1EDE;
			productRefGroup = A125991B2A0C1346000B1EDE /* Products */;
			projectDirPath = "";
			projectRoot = "";
			targets = (
				A12599192A0C1346000B1EDE /* Tinder Clone App */,
			);
		};
/* End PBXProject section */

/* Begin PBXResourcesBuildPhase section */
		A12599182A0C1346000B1EDE /* Resources */ = {
			isa = PBXResourcesBuildPhase;
			buildActionMask = 2147483647;
			files = (
				A125992A2A0C1347000B1EDE /* LaunchScreen.storyboard in Resources */,
				A12599272A0C1347000B1EDE /* Assets.xcassets in Resources */,
				A12599252A0C1346000B1EDE /* Main.storyboard in Resources */,
			);
			runOnlyForDeploymentPostprocessing = 0;
		};
/* End PBXResourcesBuildPhase section */

/* Begin PBXSourcesBuildPhase section */
		A12599162A0C1346000B1EDE /* Sources */ = {
			isa = PBXSourcesBuildPhase;
			buildActionMask = 2147483647;
			files = (
				A1A466332A188D62004B35CE /* CardView.swift in Sources */,
				A12599222A0C1346000B1EDE /* HomeViewController.swift in Sources */,
				A125991E2A0C1346000B1EDE /* AppDelegate.swift in Sources */,
				A1A4662F2A1801EC004B35CE /* HomeBottomControlsStackView.swift in Sources */,
				A1A466312A18264F004B35CE /* TopNavigationStackView.swift in Sources */,
				A1A4662C2A150CBF004B35CE /* Extensions+UIView.swift in Sources */,
				A12599202A0C1346000B1EDE /* SceneDelegate.swift in Sources */,
			);
			runOnlyForDeploymentPostprocessing = 0;
		};
/* End PBXSourcesBuildPhase section */

/* Begin PBXVariantGroup section */
		A12599232A0C1346000B1EDE /* Main.storyboard */ = {
			isa = PBXVariantGroup;
			children = (
				A12599242A0C1346000B1EDE /* Base */,
			);
			name = Main.storyboard;
			sourceTree = "<group>";
		};
		A12599282A0C1347000B1EDE /* LaunchScreen.storyboard */ = {
			isa = PBXVariantGroup;
			children = (
				A12599292A0C1347000B1EDE /* Base */,
			);
			name = LaunchScreen.storyboard;
			sourceTree = "<group>";
		};
/* End PBXVariantGroup section */

/* Begin XCBuildConfiguration section */
		A125992C2A0C1347000B1EDE /* Debug */ = {
			isa = XCBuildConfiguration;
			buildSettings = {
				ALWAYS_SEARCH_USER_PATHS = NO;
				CLANG_ANALYZER_NONNULL = YES;
				CLANG_ANALYZER_NUMBER_OBJECT_CONVERSION = YES_AGGRESSIVE;
				CLANG_CXX_LANGUAGE_STANDARD = "gnu++20";
				CLANG_ENABLE_MODULES = YES;
				CLANG_ENABLE_OBJC_ARC = YES;
				CLANG_ENABLE_OBJC_WEAK = YES;
				CLANG_WARN_BLOCK_CAPTURE_AUTORELEASING = YES;
				CLANG_WARN_BOOL_CONVERSION = YES;
				CLANG_WARN_COMMA = YES;
				CLANG_WARN_CONSTANT_CONVERSION = YES;
				CLANG_WARN_DEPRECATED_OBJC_IMPLEMENTATIONS = YES;
				CLANG_WARN_DIRECT_OBJC_ISA_USAGE = YES_ERROR;
				CLANG_WARN_DOCUMENTATION_COMMENTS = YES;
				CLANG_WARN_EMPTY_BODY = YES;
				CLANG_WARN_ENUM_CONVERSION = YES;
				CLANG_WARN_INFINITE_RECURSION = YES;
				CLANG_WARN_INT_CONVERSION = YES;
				CLANG_WARN_NON_LITERAL_NULL_CONVERSION = YES;
				CLANG_WARN_OBJC_IMPLICIT_RETAIN_SELF = YES;
				CLANG_WARN_OBJC_LITERAL_CONVERSION = YES;
				CLANG_WARN_OBJC_ROOT_CLASS = YES_ERROR;
				CLANG_WARN_QUOTED_INCLUDE_IN_FRAMEWORK_HEADER = YES;
				CLANG_WARN_RANGE_LOOP_ANALYSIS = YES;
				CLANG_WARN_STRICT_PROTOTYPES = YES;
				CLANG_WARN_SUSPICIOUS_MOVE = YES;
				CLANG_WARN_UNGUARDED_AVAILABILITY = YES_AGGRESSIVE;
				CLANG_WARN_UNREACHABLE_CODE = YES;
				CLANG_WARN__DUPLICATE_METHOD_MATCH = YES;
				COPY_PHASE_STRIP = NO;
				DEBUG_INFORMATION_FORMAT = dwarf;
				ENABLE_STRICT_OBJC_MSGSEND = YES;
				ENABLE_TESTABILITY = YES;
				GCC_C_LANGUAGE_STANDARD = gnu11;
				GCC_DYNAMIC_NO_PIC = NO;
				GCC_NO_COMMON_BLOCKS = YES;
				GCC_OPTIMIZATION_LEVEL = 0;
				GCC_PREPROCESSOR_DEFINITIONS = (
					"DEBUG=1",
					"$(inherited)",
				);
				GCC_WARN_64_TO_32_BIT_CONVERSION = YES;
				GCC_WARN_ABOUT_RETURN_TYPE = YES_ERROR;
				GCC_WARN_UNDECLARED_SELECTOR = YES;
				GCC_WARN_UNINITIALIZED_AUTOS = YES_AGGRESSIVE;
				GCC_WARN_UNUSED_FUNCTION = YES;
				GCC_WARN_UNUSED_VARIABLE = YES;
				IPHONEOS_DEPLOYMENT_TARGET = 16.2;
				MTL_ENABLE_DEBUG_INFO = INCLUDE_SOURCE;
				MTL_FAST_MATH = YES;
				ONLY_ACTIVE_ARCH = YES;
				SDKROOT = iphoneos;
				SWIFT_ACTIVE_COMPILATION_CONDITIONS = DEBUG;
				SWIFT_OPTIMIZATION_LEVEL = "-Onone";
			};
			name = Debug;
		};
		A125992D2A0C1347000B1EDE /* Release */ = {
			isa = XCBuildConfiguration;
			buildSettings = {
				ALWAYS_SEARCH_USER_PATHS = NO;
				CLANG_ANALYZER_NONNULL = YES;
				CLANG_ANALYZER_NUMBER_OBJECT_CONVERSION = YES_AGGRESSIVE;
				CLANG_CXX_LANGUAGE_STANDARD = "gnu++20";
				CLANG_ENABLE_MODULES = YES;
				CLANG_ENABLE_OBJC_ARC = YES;
				CLANG_ENABLE_OBJC_WEAK = YES;
				CLANG_WARN_BLOCK_CAPTURE_AUTORELEASING = YES;
				CLANG_WARN_BOOL_CONVERSION = YES;
				CLANG_WARN_COMMA = YES;
				CLANG_WARN_CONSTANT_CONVERSION = YES;
				CLANG_WARN_DEPRECATED_OBJC_IMPLEMENTATIONS = YES;
				CLANG_WARN_DIRECT_OBJC_ISA_USAGE = YES_ERROR;
				CLANG_WARN_DOCUMENTATION_COMMENTS = YES;
				CLANG_WARN_EMPTY_BODY = YES;
				CLANG_WARN_ENUM_CONVERSION = YES;
				CLANG_WARN_INFINITE_RECURSION = YES;
				CLANG_WARN_INT_CONVERSION = YES;
				CLANG_WARN_NON_LITERAL_NULL_CONVERSION = YES;
				CLANG_WARN_OBJC_IMPLICIT_RETAIN_SELF = YES;
				CLANG_WARN_OBJC_LITERAL_CONVERSION = YES;
				CLANG_WARN_OBJC_ROOT_CLASS = YES_ERROR;
				CLANG_WARN_QUOTED_INCLUDE_IN_FRAMEWORK_HEADER = YES;
				CLANG_WARN_RANGE_LOOP_ANALYSIS = YES;
				CLANG_WARN_STRICT_PROTOTYPES = YES;
				CLANG_WARN_SUSPICIOUS_MOVE = YES;
				CLANG_WARN_UNGUARDED_AVAILABILITY = YES_AGGRESSIVE;
				CLANG_WARN_UNREACHABLE_CODE = YES;
				CLANG_WARN__DUPLICATE_METHOD_MATCH = YES;
				COPY_PHASE_STRIP = NO;
				DEBUG_INFORMATION_FORMAT = "dwarf-with-dsym";
				ENABLE_NS_ASSERTIONS = NO;
				ENABLE_STRICT_OBJC_MSGSEND = YES;
				GCC_C_LANGUAGE_STANDARD = gnu11;
				GCC_NO_COMMON_BLOCKS = YES;
				GCC_WARN_64_TO_32_BIT_CONVERSION = YES;
				GCC_WARN_ABOUT_RETURN_TYPE = YES_ERROR;
				GCC_WARN_UNDECLARED_SELECTOR = YES;
				GCC_WARN_UNINITIALIZED_AUTOS = YES_AGGRESSIVE;
				GCC_WARN_UNUSED_FUNCTION = YES;
				GCC_WARN_UNUSED_VARIABLE = YES;
				IPHONEOS_DEPLOYMENT_TARGET = 16.2;
				MTL_ENABLE_DEBUG_INFO = NO;
				MTL_FAST_MATH = YES;
				SDKROOT = iphoneos;
				SWIFT_COMPILATION_MODE = wholemodule;
				SWIFT_OPTIMIZATION_LEVEL = "-O";
				VALIDATE_PRODUCT = YES;
			};
			name = Release;
		};
		A125992F2A0C1347000B1EDE /* Debug */ = {
			isa = XCBuildConfiguration;
			buildSettings = {
				ASSETCATALOG_COMPILER_APPICON_NAME = AppIcon;
				ASSETCATALOG_COMPILER_GLOBAL_ACCENT_COLOR_NAME = AccentColor;
				CODE_SIGN_STYLE = Automatic;
				CURRENT_PROJECT_VERSION = 1;
				DEVELOPMENT_TEAM = 7243FC7PX2;
				GENERATE_INFOPLIST_FILE = YES;
				INFOPLIST_FILE = "Tinder Clone App/Info.plist";
				INFOPLIST_KEY_UIApplicationSupportsIndirectInputEvents = YES;
				INFOPLIST_KEY_UILaunchStoryboardName = LaunchScreen;
				INFOPLIST_KEY_UIMainStoryboardFile = Main;
				INFOPLIST_KEY_UISupportedInterfaceOrientations_iPad = "UIInterfaceOrientationPortrait UIInterfaceOrientationPortraitUpsideDown UIInterfaceOrientationLandscapeLeft UIInterfaceOrientationLandscapeRight";
				INFOPLIST_KEY_UISupportedInterfaceOrientations_iPhone = "UIInterfaceOrientationPortrait UIInterfaceOrientationLandscapeLeft UIInterfaceOrientationLandscapeRight";
				LD_RUNPATH_SEARCH_PATHS = (
					"$(inherited)",
					"@executable_path/Frameworks",
				);
				MARKETING_VERSION = 1.0;
				PRODUCT_BUNDLE_IDENTIFIER = "com.burak.Tinder-Clone-App";
				PRODUCT_NAME = "$(TARGET_NAME)";
				SWIFT_EMIT_LOC_STRINGS = YES;
				SWIFT_VERSION = 5.0;
				TARGETED_DEVICE_FAMILY = "1,2";
			};
			name = Debug;
		};
		A12599302A0C1347000B1EDE /* Release */ = {
			isa = XCBuildConfiguration;
			buildSettings = {
				ASSETCATALOG_COMPILER_APPICON_NAME = AppIcon;
				ASSETCATALOG_COMPILER_GLOBAL_ACCENT_COLOR_NAME = AccentColor;
				CODE_SIGN_STYLE = Automatic;
				CURRENT_PROJECT_VERSION = 1;
				DEVELOPMENT_TEAM = 7243FC7PX2;
				GENERATE_INFOPLIST_FILE = YES;
				INFOPLIST_FILE = "Tinder Clone App/Info.plist";
				INFOPLIST_KEY_UIApplicationSupportsIndirectInputEvents = YES;
				INFOPLIST_KEY_UILaunchStoryboardName = LaunchScreen;
				INFOPLIST_KEY_UIMainStoryboardFile = Main;
				INFOPLIST_KEY_UISupportedInterfaceOrientations_iPad = "UIInterfaceOrientationPortrait UIInterfaceOrientationPortraitUpsideDown UIInterfaceOrientationLandscapeLeft UIInterfaceOrientationLandscapeRight";
				INFOPLIST_KEY_UISupportedInterfaceOrientations_iPhone = "UIInterfaceOrientationPortrait UIInterfaceOrientationLandscapeLeft UIInterfaceOrientationLandscapeRight";
				LD_RUNPATH_SEARCH_PATHS = (
					"$(inherited)",
					"@executable_path/Frameworks",
				);
				MARKETING_VERSION = 1.0;
				PRODUCT_BUNDLE_IDENTIFIER = "com.burak.Tinder-Clone-App";
				PRODUCT_NAME = "$(TARGET_NAME)";
				SWIFT_EMIT_LOC_STRINGS = YES;
				SWIFT_VERSION = 5.0;
				TARGETED_DEVICE_FAMILY = "1,2";
			};
			name = Release;
		};
/* End XCBuildConfiguration section */

/* Begin XCConfigurationList section */
		A12599152A0C1345000B1EDE /* Build configuration list for PBXProject "Tinder Clone App" */ = {
			isa = XCConfigurationList;
			buildConfigurations = (
				A125992C2A0C1347000B1EDE /* Debug */,
				A125992D2A0C1347000B1EDE /* Release */,
			);
			defaultConfigurationIsVisible = 0;
			defaultConfigurationName = Release;
		};
		A125992E2A0C1347000B1EDE /* Build configuration list for PBXNativeTarget "Tinder Clone App" */ = {
			isa = XCConfigurationList;
			buildConfigurations = (
				A125992F2A0C1347000B1EDE /* Debug */,
				A12599302A0C1347000B1EDE /* Release */,
			);
			defaultConfigurationIsVisible = 0;
			defaultConfigurationName = Release;
		};
/* End XCConfigurationList section */
	};
	rootObject = A12599122A0C1345000B1EDE /* Project object */;
}
